
Microsoft Visual Studio Solution File, Format Version 10.00
# Visual Studio 2008
Project("{FAE04EC0-301F-11D3-BF4B-00C04F79EFBC}") = "PhotoStore", "PhotoStore.csproj", "{5745964B-9E9C-4D12-AE77-86BCADDA520C}"
EndProject
Project("{FAE04EC0-301F-11D3-BF4B-00C04F79EFBC}") = "WinGallery", "WinGallery\WinGallery.csproj", "{C3CFBB33-F7B3-4115-8CF9-0A69611F7110}"
EndProject
Global
	GlobalSection(SolutionConfigurationPlatforms) = preSolution
		Debug|Any CPU = Debug|Any CPU
		Release|Any CPU = Release|Any CPU
	EndGlobalSection
	GlobalSection(ProjectConfigurationPlatforms) = postSolution
		{5745964B-9E9C-4D12-AE77-86BCADDA520C}.Debug|Any CPU.ActiveCfg = Debug|Any CPU
		{5745964B-9E9C-4D12-AE77-86BCADDA520C}.Debug|Any CPU.Build.0 = Debug|Any CPU
		{5745964B-9E9C-4D12-AE77-86BCADDA520C}.Release|Any CPU.ActiveCfg = Release|Any CPU
		{5745964B-9E9C-4D12-AE77-86BCADDA520C}.Release|Any CPU.Build.0 = Release|Any CPU
		{C3CFBB33-F7B3-4115-8CF9-0A69611F7110}.Debug|Any CPU.ActiveCfg = Debug|Any CPU
		{C3CFBB33-F7B3-4115-8CF9-0A69611F7110}.Debug|Any CPU.Build.0 = Debug|Any CPU
		{C3CFBB33-F7B3-4115-8CF9-0A69611F7110}.Release|Any CPU.ActiveCfg = Release|Any CPU
		{C3CFBB33-F7B3-4115-8CF9-0A69611F7110}.Release|Any CPU.Build.0 = Release|Any CPU
	EndGlobalSection
	GlobalSection(SolutionProperties) = preSolution
		HideSolutionNode = FALSE
	EndGlobalSection
EndGlobal
