
Microsoft Visual Studio Solution File, Format Version 9.00
# Visual Studio 2005
Project("{2150E333-8FDC-42A3-9474-1A3956D46DE8}") = "Solution Items", "Solution Items", "{32A51014-8E9C-49F1-9CDF-A39CE01EAFA1}"
	ProjectSection(WebsiteProperties) = preProject
		Debug.AspNetCompiler.Debug = "True"
		Release.AspNetCompiler.Debug = "False"
	EndProjectSection
EndProject
Project("{FAE04EC0-301F-11D3-BF4B-00C04F79EFBC}") = "NBehave.Framework", "NBehave.Framework\NBehave.Framework.csproj", "{9C2E9E17-2A2C-4F6C-8072-D160A7EA9A51}"
	ProjectSection(WebsiteProperties) = preProject
		Debug.AspNetCompiler.Debug = "True"
		Release.AspNetCompiler.Debug = "False"
	EndProjectSection
EndProject
Project("{FAE04EC0-301F-11D3-BF4B-00C04F79EFBC}") = "NBehave.Framework.Tests", "NBehave.Framework.Tests\NBehave.Framework.Tests.csproj", "{9F7DCAC2-5148-40AF-B588-A784C646E12E}"
	ProjectSection(WebsiteProperties) = preProject
		Debug.AspNetCompiler.Debug = "True"
		Release.AspNetCompiler.Debug = "False"
	EndProjectSection
EndProject
Project("{FAE04EC0-301F-11D3-BF4B-00C04F79EFBC}") = "TestAssembly", "TestAssembly\TestAssembly.csproj", "{E0CCE2D9-9720-4119-98D5-CDE44E283847}"
	ProjectSection(WebsiteProperties) = preProject
		Debug.AspNetCompiler.Debug = "True"
		Release.AspNetCompiler.Debug = "False"
	EndProjectSection
EndProject
Project("{FAE04EC0-301F-11D3-BF4B-00C04F79EFBC}") = "NBehave.Console", "NBehave.Console\NBehave.Console.csproj", "{2162701A-70E9-4659-B17C-DEBA72C175D4}"
	ProjectSection(WebsiteProperties) = preProject
		Debug.AspNetCompiler.Debug = "True"
		Release.AspNetCompiler.Debug = "False"
	EndProjectSection
EndProject
Project("{FAE04EC0-301F-11D3-BF4B-00C04F79EFBC}") = "NBehave.Console.Tests", "NBehave.Console.Tests\NBehave.Console.Tests.csproj", "{D8A52514-2077-4363-BDCF-FDCD2EE24117}"
	ProjectSection(WebsiteProperties) = preProject
		Debug.AspNetCompiler.Debug = "True"
		Release.AspNetCompiler.Debug = "False"
	EndProjectSection
EndProject
Project("{FAE04EC0-301F-11D3-BF4B-00C04F79EFBC}") = "NBehave.Examples", "NBehave.Examples\NBehave.Examples.csproj", "{5CBAFACF-8BD9-46FB-A0BC-276EDE593186}"
	ProjectSection(WebsiteProperties) = preProject
		Debug.AspNetCompiler.Debug = "True"
		Release.AspNetCompiler.Debug = "False"
	EndProjectSection
EndProject
Global
	GlobalSection(TeamFoundationVersionControl) = preSolution
		SccNumberOfProjects = 7
		SccEnterpriseProvider = {4CA58AB2-18FA-4F8D-95D4-32DDF27D184C}
		SccTeamFoundationServer = https://tfs04.codeplex.com/
		SccLocalPath0 = .
		SccProjectUniqueName1 = NBehave.Framework\\NBehave.Framework.csproj
		SccProjectName1 = NBehave.Framework
		SccLocalPath1 = NBehave.Framework
		SccProjectUniqueName2 = NBehave.Framework.Tests\\NBehave.Framework.Tests.csproj
		SccProjectName2 = NBehave.Framework.Tests
		SccLocalPath2 = NBehave.Framework.Tests
		SccProjectUniqueName3 = TestAssembly\\TestAssembly.csproj
		SccProjectName3 = TestAssembly
		SccLocalPath3 = TestAssembly
		SccProjectUniqueName4 = NBehave.Console\\NBehave.Console.csproj
		SccProjectName4 = NBehave.Console
		SccLocalPath4 = NBehave.Console
		SccProjectUniqueName5 = NBehave.Console.Tests\\NBehave.Console.Tests.csproj
		SccProjectName5 = NBehave.Console.Tests
		SccLocalPath5 = NBehave.Console.Tests
		SccProjectUniqueName6 = NBehave.Examples\\NBehave.Examples.csproj
		SccProjectName6 = NBehave.Examples
		SccLocalPath6 = NBehave.Examples
	EndGlobalSection
	GlobalSection(SolutionConfigurationPlatforms) = preSolution
		AutomatedDebug|Any CPU = AutomatedDebug|Any CPU
		Debug|Any CPU = Debug|Any CPU
		Release|Any CPU = Release|Any CPU
	EndGlobalSection
	GlobalSection(ProjectConfigurationPlatforms) = postSolution
		{9C2E9E17-2A2C-4F6C-8072-D160A7EA9A51}.AutomatedDebug|Any CPU.ActiveCfg = AutomatedDebug|Any CPU
		{9C2E9E17-2A2C-4F6C-8072-D160A7EA9A51}.AutomatedDebug|Any CPU.Build.0 = AutomatedDebug|Any CPU
		{9C2E9E17-2A2C-4F6C-8072-D160A7EA9A51}.Debug|Any CPU.ActiveCfg = Debug|Any CPU
		{9C2E9E17-2A2C-4F6C-8072-D160A7EA9A51}.Debug|Any CPU.Build.0 = Debug|Any CPU
		{9C2E9E17-2A2C-4F6C-8072-D160A7EA9A51}.Release|Any CPU.ActiveCfg = Release|Any CPU
		{9C2E9E17-2A2C-4F6C-8072-D160A7EA9A51}.Release|Any CPU.Build.0 = Release|Any CPU
		{9F7DCAC2-5148-40AF-B588-A784C646E12E}.AutomatedDebug|Any CPU.ActiveCfg = AutomatedDebug|Any CPU
		{9F7DCAC2-5148-40AF-B588-A784C646E12E}.AutomatedDebug|Any CPU.Build.0 = AutomatedDebug|Any CPU
		{9F7DCAC2-5148-40AF-B588-A784C646E12E}.Debug|Any CPU.ActiveCfg = Debug|Any CPU
		{9F7DCAC2-5148-40AF-B588-A784C646E12E}.Debug|Any CPU.Build.0 = Debug|Any CPU
		{9F7DCAC2-5148-40AF-B588-A784C646E12E}.Release|Any CPU.ActiveCfg = Release|Any CPU
		{9F7DCAC2-5148-40AF-B588-A784C646E12E}.Release|Any CPU.Build.0 = Release|Any CPU
		{E0CCE2D9-9720-4119-98D5-CDE44E283847}.AutomatedDebug|Any CPU.ActiveCfg = AutomatedDebug|Any CPU
		{E0CCE2D9-9720-4119-98D5-CDE44E283847}.AutomatedDebug|Any CPU.Build.0 = AutomatedDebug|Any CPU
		{E0CCE2D9-9720-4119-98D5-CDE44E283847}.Debug|Any CPU.ActiveCfg = Debug|Any CPU
		{E0CCE2D9-9720-4119-98D5-CDE44E283847}.Debug|Any CPU.Build.0 = Debug|Any CPU
		{E0CCE2D9-9720-4119-98D5-CDE44E283847}.Release|Any CPU.ActiveCfg = Release|Any CPU
		{E0CCE2D9-9720-4119-98D5-CDE44E283847}.Release|Any CPU.Build.0 = Release|Any CPU
		{2162701A-70E9-4659-B17C-DEBA72C175D4}.AutomatedDebug|Any CPU.ActiveCfg = AutomatedDebug|Any CPU
		{2162701A-70E9-4659-B17C-DEBA72C175D4}.AutomatedDebug|Any CPU.Build.0 = AutomatedDebug|Any CPU
		{2162701A-70E9-4659-B17C-DEBA72C175D4}.Debug|Any CPU.ActiveCfg = Debug|Any CPU
		{2162701A-70E9-4659-B17C-DEBA72C175D4}.Debug|Any CPU.Build.0 = Debug|Any CPU
		{2162701A-70E9-4659-B17C-DEBA72C175D4}.Release|Any CPU.ActiveCfg = Release|Any CPU
		{2162701A-70E9-4659-B17C-DEBA72C175D4}.Release|Any CPU.Build.0 = Release|Any CPU
		{D8A52514-2077-4363-BDCF-FDCD2EE24117}.AutomatedDebug|Any CPU.ActiveCfg = AutomatedDebug|Any CPU
		{D8A52514-2077-4363-BDCF-FDCD2EE24117}.AutomatedDebug|Any CPU.Build.0 = AutomatedDebug|Any CPU
		{D8A52514-2077-4363-BDCF-FDCD2EE24117}.Debug|Any CPU.ActiveCfg = Debug|Any CPU
		{D8A52514-2077-4363-BDCF-FDCD2EE24117}.Debug|Any CPU.Build.0 = Debug|Any CPU
		{D8A52514-2077-4363-BDCF-FDCD2EE24117}.Release|Any CPU.ActiveCfg = Release|Any CPU
		{D8A52514-2077-4363-BDCF-FDCD2EE24117}.Release|Any CPU.Build.0 = Release|Any CPU
		{5CBAFACF-8BD9-46FB-A0BC-276EDE593186}.AutomatedDebug|Any CPU.ActiveCfg = AutomatedDebug|Any CPU
		{5CBAFACF-8BD9-46FB-A0BC-276EDE593186}.AutomatedDebug|Any CPU.Build.0 = AutomatedDebug|Any CPU
		{5CBAFACF-8BD9-46FB-A0BC-276EDE593186}.Debug|Any CPU.ActiveCfg = Debug|Any CPU
		{5CBAFACF-8BD9-46FB-A0BC-276EDE593186}.Debug|Any CPU.Build.0 = Debug|Any CPU
		{5CBAFACF-8BD9-46FB-A0BC-276EDE593186}.Release|Any CPU.ActiveCfg = Release|Any CPU
		{5CBAFACF-8BD9-46FB-A0BC-276EDE593186}.Release|Any CPU.Build.0 = Release|Any CPU
	EndGlobalSection
	GlobalSection(SolutionProperties) = preSolution
		HideSolutionNode = FALSE
	EndGlobalSection
EndGlobal
